
Microsoft Visual Studio Solution File, Format Version 12.00
# Visual Studio Version 16
VisualStudioVersion = 16.0.31005.135
MinimumVisualStudioVersion = 10.0.40219.1
Project("{FAE04EC0-301F-11D3-BF4B-00C04F79EFBC}") = "SehirRehberi.API", "SehirRehberi.API\SehirRehberi.API.csproj", "{DA4CC90E-281B-40AA-BDCB-29A46B89D8EF}"
EndProject
Global
	GlobalSection(SolutionConfigurationPlatforms) = preSolution
		Debug|Any CPU = Debug|Any CPU
		Release|Any CPU = Release|Any CPU
	EndGlobalSection
	GlobalSection(ProjectConfigurationPlatforms) = postSolution
		{DA4CC90E-281B-40AA-BDCB-29A46B89D8EF}.Debug|Any CPU.ActiveCfg = Debug|Any CPU
		{DA4CC90E-281B-40AA-BDCB-29A46B89D8EF}.Debug|Any CPU.Build.0 = Debug|Any CPU
		{DA4CC90E-281B-40AA-BDCB-29A46B89D8EF}.Release|Any CPU.ActiveCfg = Release|Any CPU
		{DA4CC90E-281B-40AA-BDCB-29A46B89D8EF}.Release|Any CPU.Build.0 = Release|Any CPU
	EndGlobalSection
	GlobalSection(SolutionProperties) = preSolution
		HideSolutionNode = FALSE
	EndGlobalSection
	GlobalSection(ExtensibilityGlobals) = postSolution
		SolutionGuid = {22D38C1B-F241-4416-9E23-1878632FB1D4}
	EndGlobalSection
EndGlobal
